
Microsoft Visual Studio Solution File, Format Version 12.00
# Visual Studio Version 16
VisualStudioVersion = 16.0.28606.126
MinimumVisualStudioVersion = 10.0.40219.1
Project("{2150E333-8FDC-42A3-9474-1A3956D46DE8}") = "Solution Items", "Solution Items", "{58AFD055-54A6-4AA4-841D-56A31B780D94}"
	ProjectSection(SolutionItems) = preProject
		.editorconfig = .editorconfig
		.gitattributes = .gitattributes
		.gitignore = .gitignore
		AllRules.ruleset = AllRules.ruleset
		Directory.Build.props = Directory.Build.props
		Directory.Meta.props = Directory.Meta.props
		Directory.Version.props = Directory.Version.props
		Directory.Nullable.props = Directory.Nullable.props
		LICENSE = LICENSE
	EndProjectSection
EndProject
Project("{2150E333-8FDC-42A3-9474-1A3956D46DE8}") = "src", "src", "{858D33C3-31DB-4B4A-8088-850FF2727B83}"
EndProject
Project("{9A19103F-16F7-4668-BE54-9A1E7A4F7556}") = "THNETII.OpenStreetMap.Osm", "src\THNETII.OpenStreetMap.Osm\THNETII.OpenStreetMap.Osm.csproj", "{9C6C57FA-65C7-4BD5-ACFD-B8A67CC5E192}"
EndProject
Project("{FAE04EC0-301F-11D3-BF4B-00C04F79EFBC}") = "THNETII.OpenStreetMap.WebMercator", "src\THNETII.OpenStreetMap.WebMercator\THNETII.OpenStreetMap.WebMercator.csproj", "{991BAB16-4D7F-4999-94B5-AE6FC72F99D1}"
EndProject
Global
	GlobalSection(SolutionConfigurationPlatforms) = preSolution
		Debug|Any CPU = Debug|Any CPU
		Release|Any CPU = Release|Any CPU
	EndGlobalSection
	GlobalSection(ProjectConfigurationPlatforms) = postSolution
		{9C6C57FA-65C7-4BD5-ACFD-B8A67CC5E192}.Debug|Any CPU.ActiveCfg = Debug|Any CPU
		{9C6C57FA-65C7-4BD5-ACFD-B8A67CC5E192}.Debug|Any CPU.Build.0 = Debug|Any CPU
		{9C6C57FA-65C7-4BD5-ACFD-B8A67CC5E192}.Release|Any CPU.ActiveCfg = Release|Any CPU
		{9C6C57FA-65C7-4BD5-ACFD-B8A67CC5E192}.Release|Any CPU.Build.0 = Release|Any CPU
		{991BAB16-4D7F-4999-94B5-AE6FC72F99D1}.Debug|Any CPU.ActiveCfg = Debug|Any CPU
		{991BAB16-4D7F-4999-94B5-AE6FC72F99D1}.Debug|Any CPU.Build.0 = Debug|Any CPU
		{991BAB16-4D7F-4999-94B5-AE6FC72F99D1}.Release|Any CPU.ActiveCfg = Release|Any CPU
		{991BAB16-4D7F-4999-94B5-AE6FC72F99D1}.Release|Any CPU.Build.0 = Release|Any CPU
	EndGlobalSection
	GlobalSection(SolutionProperties) = preSolution
		HideSolutionNode = FALSE
	EndGlobalSection
	GlobalSection(NestedProjects) = preSolution
		{9C6C57FA-65C7-4BD5-ACFD-B8A67CC5E192} = {858D33C3-31DB-4B4A-8088-850FF2727B83}
		{991BAB16-4D7F-4999-94B5-AE6FC72F99D1} = {858D33C3-31DB-4B4A-8088-850FF2727B83}
	EndGlobalSection
	GlobalSection(ExtensibilityGlobals) = postSolution
		SolutionGuid = {47597E4D-883F-4BCB-9766-BCB7C0D3CC67}
	EndGlobalSection
EndGlobal
